
Microsoft Visual Studio Solution File, Format Version 12.00
# Visual Studio 15
VisualStudioVersion = 15.0.26730.10
MinimumVisualStudioVersion = 10.0.40219.1
Project("{9A19103F-16F7-4668-BE54-9A1E7A4F7556}") = "Telegram.Bot.Mvc", "Telegram.Bot.Mvc\Telegram.Bot.Mvc.csproj", "{0B88B6DF-BDB7-4B0A-8773-0BD85A449AB6}"
EndProject
Project("{FAE04EC0-301F-11D3-BF4B-00C04F79EFBC}") = "Telegram.Bot.Mvc.StandAlone", "Telegram.Bot.Mvc.StandAlone\Telegram.Bot.Mvc.StandAlone.csproj", "{D939DF00-FB91-4C38-A994-EEFBBE117B63}"
EndProject
Project("{FAE04EC0-301F-11D3-BF4B-00C04F79EFBC}") = "Telegram.Bot.Mvc.WebHook", "Telegram.Bot.Mvc.WebHook\Telegram.Bot.Mvc.WebHook.csproj", "{F6653B95-49A1-4471-B647-245D28230A04}"
EndProject
Project("{2150E333-8FDC-42A3-9474-1A3956D46DE8}") = "Samples", "Samples", "{E0770567-F310-4722-B5BF-592625544B71}"
EndProject
Global
	GlobalSection(SolutionConfigurationPlatforms) = preSolution
		Debug|Any CPU = Debug|Any CPU
		Release|Any CPU = Release|Any CPU
	EndGlobalSection
	GlobalSection(ProjectConfigurationPlatforms) = postSolution
		{0B88B6DF-BDB7-4B0A-8773-0BD85A449AB6}.Debug|Any CPU.ActiveCfg = Debug|Any CPU
		{0B88B6DF-BDB7-4B0A-8773-0BD85A449AB6}.Debug|Any CPU.Build.0 = Debug|Any CPU
		{0B88B6DF-BDB7-4B0A-8773-0BD85A449AB6}.Release|Any CPU.ActiveCfg = Release|Any CPU
		{0B88B6DF-BDB7-4B0A-8773-0BD85A449AB6}.Release|Any CPU.Build.0 = Release|Any CPU
		{D939DF00-FB91-4C38-A994-EEFBBE117B63}.Debug|Any CPU.ActiveCfg = Debug|Any CPU
		{D939DF00-FB91-4C38-A994-EEFBBE117B63}.Debug|Any CPU.Build.0 = Debug|Any CPU
		{D939DF00-FB91-4C38-A994-EEFBBE117B63}.Release|Any CPU.ActiveCfg = Release|Any CPU
		{D939DF00-FB91-4C38-A994-EEFBBE117B63}.Release|Any CPU.Build.0 = Release|Any CPU
		{F6653B95-49A1-4471-B647-245D28230A04}.Debug|Any CPU.ActiveCfg = Debug|Any CPU
		{F6653B95-49A1-4471-B647-245D28230A04}.Debug|Any CPU.Build.0 = Debug|Any CPU
		{F6653B95-49A1-4471-B647-245D28230A04}.Release|Any CPU.ActiveCfg = Release|Any CPU
		{F6653B95-49A1-4471-B647-245D28230A04}.Release|Any CPU.Build.0 = Release|Any CPU
	EndGlobalSection
	GlobalSection(SolutionProperties) = preSolution
		HideSolutionNode = FALSE
	EndGlobalSection
	GlobalSection(NestedProjects) = preSolution
		{D939DF00-FB91-4C38-A994-EEFBBE117B63} = {E0770567-F310-4722-B5BF-592625544B71}
		{F6653B95-49A1-4471-B647-245D28230A04} = {E0770567-F310-4722-B5BF-592625544B71}
	EndGlobalSection
	GlobalSection(ExtensibilityGlobals) = postSolution
		SolutionGuid = {A80D40C3-38AD-4E74-A365-F95D7241EBE8}
	EndGlobalSection
EndGlobal
